
Microsoft Visual Studio Solution File, Format Version 12.00
# Visual Studio 15
VisualStudioVersion = 15.0.28307.329
MinimumVisualStudioVersion = 10.0.40219.1
Project("{FAE04EC0-301F-11D3-BF4B-00C04F79EFBC}") = "Advance_Calculator", "Advance_Calculator\Advance_Calculator.csproj", "{B469DA01-DD0C-46A4-96A0-DC683CB34412}"
EndProject
Global
	GlobalSection(SolutionConfigurationPlatforms) = preSolution
		Debug|Any CPU = Debug|Any CPU
		Release|Any CPU = Release|Any CPU
	EndGlobalSection
	GlobalSection(ProjectConfigurationPlatforms) = postSolution
		{B469DA01-DD0C-46A4-96A0-DC683CB34412}.Debug|Any CPU.ActiveCfg = Debug|Any CPU
		{B469DA01-DD0C-46A4-96A0-DC683CB34412}.Debug|Any CPU.Build.0 = Debug|Any CPU
		{B469DA01-DD0C-46A4-96A0-DC683CB34412}.Release|Any CPU.ActiveCfg = Release|Any CPU
		{B469DA01-DD0C-46A4-96A0-DC683CB34412}.Release|Any CPU.Build.0 = Release|Any CPU
	EndGlobalSection
	GlobalSection(SolutionProperties) = preSolution
		HideSolutionNode = FALSE
	EndGlobalSection
	GlobalSection(ExtensibilityGlobals) = postSolution
		SolutionGuid = {99E98625-9ACC-4A85-AD65-7B4D20B722F7}
	EndGlobalSection
EndGlobal
